
Microsoft Visual Studio Solution File, Format Version 12.00
# Visual Studio Version 16
VisualStudioVersion = 16.0.31624.102
MinimumVisualStudioVersion = 10.0.40219.1
Project("{FAE04EC0-301F-11D3-BF4B-00C04F79EFBC}") = "zheleznodorozhnoe", "zheleznodorozhnoe\zheleznodorozhnoe.csproj", "{06E91623-2890-477B-ADD0-B54338FF544E}"
EndProject
Global
	GlobalSection(SolutionConfigurationPlatforms) = preSolution
		Debug|Any CPU = Debug|Any CPU
		Release|Any CPU = Release|Any CPU
	EndGlobalSection
	GlobalSection(ProjectConfigurationPlatforms) = postSolution
		{06E91623-2890-477B-ADD0-B54338FF544E}.Debug|Any CPU.ActiveCfg = Debug|Any CPU
		{06E91623-2890-477B-ADD0-B54338FF544E}.Debug|Any CPU.Build.0 = Debug|Any CPU
		{06E91623-2890-477B-ADD0-B54338FF544E}.Release|Any CPU.ActiveCfg = Release|Any CPU
		{06E91623-2890-477B-ADD0-B54338FF544E}.Release|Any CPU.Build.0 = Release|Any CPU
	EndGlobalSection
	GlobalSection(SolutionProperties) = preSolution
		HideSolutionNode = FALSE
	EndGlobalSection
	GlobalSection(ExtensibilityGlobals) = postSolution
		SolutionGuid = {90033C1F-8BB4-487D-B771-B0D9EFCC52F4}
	EndGlobalSection
EndGlobal
